
Microsoft Visual Studio Solution File, Format Version 12.00
# Visual Studio 15
Project("{FAE04EC0-301F-11D3-BF4B-00C04F79EFBC}") = "todolist.Android", "todolist.Android\todolist.Android.csproj", "{6F1013FD-D227-47DD-867F-CFFA47754052}"
EndProject
Project("{FAE04EC0-301F-11D3-BF4B-00C04F79EFBC}") = "todolist.iOS", "todolist.iOS\todolist.iOS.csproj", "{54E840A0-519F-4A90-B09F-EF893EE42F31}"
EndProject
Project("{FAE04EC0-301F-11D3-BF4B-00C04F79EFBC}") = "todolist", "todolist\todolist.csproj", "{6B7F0AC2-7A1D-4234-9410-60791126CDCA}"
EndProject
Global
	GlobalSection(SolutionConfigurationPlatforms) = preSolution
		Debug|Any CPU = Debug|Any CPU
		Release|Any CPU = Release|Any CPU
		Debug|iPhoneSimulator = Debug|iPhoneSimulator
		Release|iPhoneSimulator = Release|iPhoneSimulator
		Debug|iPhone = Debug|iPhone
		Release|iPhone = Release|iPhone
	EndGlobalSection
	GlobalSection(ProjectConfigurationPlatforms) = postSolution
		{6F1013FD-D227-47DD-867F-CFFA47754052}.Debug|Any CPU.ActiveCfg = Debug|Any CPU
		{6F1013FD-D227-47DD-867F-CFFA47754052}.Debug|Any CPU.Build.0 = Debug|Any CPU
		{6F1013FD-D227-47DD-867F-CFFA47754052}.Release|Any CPU.ActiveCfg = Release|Any CPU
		{6F1013FD-D227-47DD-867F-CFFA47754052}.Release|Any CPU.Build.0 = Release|Any CPU
		{6F1013FD-D227-47DD-867F-CFFA47754052}.Debug|iPhoneSimulator.ActiveCfg = Debug|Any CPU
		{6F1013FD-D227-47DD-867F-CFFA47754052}.Debug|iPhoneSimulator.Build.0 = Debug|Any CPU
		{6F1013FD-D227-47DD-867F-CFFA47754052}.Release|iPhoneSimulator.ActiveCfg = Release|Any CPU
		{6F1013FD-D227-47DD-867F-CFFA47754052}.Release|iPhoneSimulator.Build.0 = Release|Any CPU
		{6F1013FD-D227-47DD-867F-CFFA47754052}.Debug|iPhone.ActiveCfg = Debug|Any CPU
		{6F1013FD-D227-47DD-867F-CFFA47754052}.Debug|iPhone.Build.0 = Debug|Any CPU
		{6F1013FD-D227-47DD-867F-CFFA47754052}.Release|iPhone.ActiveCfg = Release|Any CPU
		{6F1013FD-D227-47DD-867F-CFFA47754052}.Release|iPhone.Build.0 = Release|Any CPU
		{54E840A0-519F-4A90-B09F-EF893EE42F31}.Debug|Any CPU.ActiveCfg = Debug|iPhoneSimulator
		{54E840A0-519F-4A90-B09F-EF893EE42F31}.Debug|Any CPU.Build.0 = Debug|iPhoneSimulator
		{54E840A0-519F-4A90-B09F-EF893EE42F31}.Release|Any CPU.ActiveCfg = Release|iPhoneSimulator
		{54E840A0-519F-4A90-B09F-EF893EE42F31}.Release|Any CPU.Build.0 = Release|iPhoneSimulator
		{54E840A0-519F-4A90-B09F-EF893EE42F31}.Debug|iPhoneSimulator.ActiveCfg = Debug|iPhoneSimulator
		{54E840A0-519F-4A90-B09F-EF893EE42F31}.Debug|iPhoneSimulator.Build.0 = Debug|iPhoneSimulator
		{54E840A0-519F-4A90-B09F-EF893EE42F31}.Release|iPhoneSimulator.ActiveCfg = Release|iPhoneSimulator
		{54E840A0-519F-4A90-B09F-EF893EE42F31}.Release|iPhoneSimulator.Build.0 = Release|iPhoneSimulator
		{54E840A0-519F-4A90-B09F-EF893EE42F31}.Debug|iPhone.ActiveCfg = Debug|iPhone
		{54E840A0-519F-4A90-B09F-EF893EE42F31}.Debug|iPhone.Build.0 = Debug|iPhone
		{54E840A0-519F-4A90-B09F-EF893EE42F31}.Release|iPhone.ActiveCfg = Release|iPhone
		{54E840A0-519F-4A90-B09F-EF893EE42F31}.Release|iPhone.Build.0 = Release|iPhone
		{6B7F0AC2-7A1D-4234-9410-60791126CDCA}.Debug|Any CPU.ActiveCfg = Debug|Any CPU
		{6B7F0AC2-7A1D-4234-9410-60791126CDCA}.Debug|Any CPU.Build.0 = Debug|Any CPU
		{6B7F0AC2-7A1D-4234-9410-60791126CDCA}.Release|Any CPU.ActiveCfg = Release|Any CPU
		{6B7F0AC2-7A1D-4234-9410-60791126CDCA}.Release|Any CPU.Build.0 = Release|Any CPU
		{6B7F0AC2-7A1D-4234-9410-60791126CDCA}.Debug|iPhoneSimulator.ActiveCfg = Debug|Any CPU
		{6B7F0AC2-7A1D-4234-9410-60791126CDCA}.Debug|iPhoneSimulator.Build.0 = Debug|Any CPU
		{6B7F0AC2-7A1D-4234-9410-60791126CDCA}.Release|iPhoneSimulator.ActiveCfg = Release|Any CPU
		{6B7F0AC2-7A1D-4234-9410-60791126CDCA}.Release|iPhoneSimulator.Build.0 = Release|Any CPU
		{6B7F0AC2-7A1D-4234-9410-60791126CDCA}.Debug|iPhone.ActiveCfg = Debug|Any CPU
		{6B7F0AC2-7A1D-4234-9410-60791126CDCA}.Debug|iPhone.Build.0 = Debug|Any CPU
		{6B7F0AC2-7A1D-4234-9410-60791126CDCA}.Release|iPhone.ActiveCfg = Release|Any CPU
		{6B7F0AC2-7A1D-4234-9410-60791126CDCA}.Release|iPhone.Build.0 = Release|Any CPU
	EndGlobalSection
EndGlobal
